github.com/fnaranjo-vmw/multiversion-companion v0.0.2 h1:sp73YVZcfySbf5CtYOGOMcz32RVCxZEu06+xKgvthis=
github.com/fnaranjo-vmw/multiversion-companion v0.0.2/go.mod h1:oHKOz0dTe7LLALYjyguf30gaTPcFlWsPAK0qsLY5hk0=
github.com/fnaranjo-vmw/multiversion-main v0.0.1 h1:ceXgccoixl41+6CCAyZx/61/7rMx0+SxUwX5/ijepWQ=
github.com/fnaranjo-vmw/multiversion-main v0.0.1/go.mod h1:3F34+5YQBevCxkg/xnd/i+urh2CN3WZ28SVrv1RluQo=
github.com/fnaranjo-vmw/multiversion-main v0.0.2 h1:GRjwrljJulI1yZHwNl6l2+/huOkBJqbvzUxSeo/p3rs=
github.com/fnaranjo-vmw/multiversion-main v0.0.2/go.mod h1:0sG+FANJOsMz37Gw9WKeXtRM4jhyclmKxxl2ztpqfHk=
